
Microsoft Visual Studio Solution File, Format Version 12.00
# Visual Studio Version 17
VisualStudioVersion = 17.11.35327.3
MinimumVisualStudioVersion = 10.0.40219.1
Project("{FAE04EC0-301F-11D3-BF4B-00C04F79EFBC}") = "Api", "Api\Api.csproj", "{007F78DC-9FE0-487C-9BA7-BC9FEECA6AE2}"
EndProject
Project("{FAE04EC0-301F-11D3-BF4B-00C04F79EFBC}") = "Application", "Application\Application.csproj", "{FAD2A134-6C94-46B2-91D5-AA3EB5604519}"
EndProject
Project("{FAE04EC0-301F-11D3-BF4B-00C04F79EFBC}") = "Domain", "Domain\Domain.csproj", "{D4858287-7CF8-40A4-8863-028BE2933D08}"
EndProject
Project("{FAE04EC0-301F-11D3-BF4B-00C04F79EFBC}") = "Infrastructure", "Infrastructure\Infrastructure.csproj", "{D109FB2F-AC65-4B47-9343-749874F78D7F}"
EndProject
Global
	GlobalSection(SolutionConfigurationPlatforms) = preSolution
		Debug|Any CPU = Debug|Any CPU
		Release|Any CPU = Release|Any CPU
	EndGlobalSection
	GlobalSection(ProjectConfigurationPlatforms) = postSolution
		{007F78DC-9FE0-487C-9BA7-BC9FEECA6AE2}.Debug|Any CPU.ActiveCfg = Debug|Any CPU
		{007F78DC-9FE0-487C-9BA7-BC9FEECA6AE2}.Debug|Any CPU.Build.0 = Debug|Any CPU
		{007F78DC-9FE0-487C-9BA7-BC9FEECA6AE2}.Release|Any CPU.ActiveCfg = Release|Any CPU
		{007F78DC-9FE0-487C-9BA7-BC9FEECA6AE2}.Release|Any CPU.Build.0 = Release|Any CPU
		{FAD2A134-6C94-46B2-91D5-AA3EB5604519}.Debug|Any CPU.ActiveCfg = Debug|Any CPU
		{FAD2A134-6C94-46B2-91D5-AA3EB5604519}.Debug|Any CPU.Build.0 = Debug|Any CPU
		{FAD2A134-6C94-46B2-91D5-AA3EB5604519}.Release|Any CPU.ActiveCfg = Release|Any CPU
		{FAD2A134-6C94-46B2-91D5-AA3EB5604519}.Release|Any CPU.Build.0 = Release|Any CPU
		{D4858287-7CF8-40A4-8863-028BE2933D08}.Debug|Any CPU.ActiveCfg = Debug|Any CPU
		{D4858287-7CF8-40A4-8863-028BE2933D08}.Debug|Any CPU.Build.0 = Debug|Any CPU
		{D4858287-7CF8-40A4-8863-028BE2933D08}.Release|Any CPU.ActiveCfg = Release|Any CPU
		{D4858287-7CF8-40A4-8863-028BE2933D08}.Release|Any CPU.Build.0 = Release|Any CPU
		{D109FB2F-AC65-4B47-9343-749874F78D7F}.Debug|Any CPU.ActiveCfg = Debug|Any CPU
		{D109FB2F-AC65-4B47-9343-749874F78D7F}.Debug|Any CPU.Build.0 = Debug|Any CPU
		{D109FB2F-AC65-4B47-9343-749874F78D7F}.Release|Any CPU.ActiveCfg = Release|Any CPU
		{D109FB2F-AC65-4B47-9343-749874F78D7F}.Release|Any CPU.Build.0 = Release|Any CPU
	EndGlobalSection
	GlobalSection(SolutionProperties) = preSolution
		HideSolutionNode = FALSE
	EndGlobalSection
	GlobalSection(ExtensibilityGlobals) = postSolution
		SolutionGuid = {2136A5E7-8838-48B7-9431-8AAFD83E83F6}
	EndGlobalSection
EndGlobal
